# This file is automatically @generated by Cargo.
# It is not intended for manual editing.
version = 3

[[package]]
name = "ip2region"
version = "0.1.0"
source = "registry+https://github.com/rust-lang/crates.io-index"
checksum = "177ec63ab00a02b8f36b501caa8a5eb86e65d23a3ec0a89621cd8c9225191be2"
dependencies = [
 "speedy",
]

[[package]]
name = "ip2region_ffi"
version = "0.1.0"
dependencies = [
 "ip2region",
]

[[package]]
name = "proc-macro2"
version = "1.0.43"
source = "registry+https://github.com/rust-lang/crates.io-index"
checksum = "0a2ca2c61bc9f3d74d2886294ab7b9853abd9c1ad903a3ac7815c58989bb7bab"
dependencies = [
 "unicode-ident",
]

[[package]]
name = "quote"
version = "1.0.21"
source = "registry+https://github.com/rust-lang/crates.io-index"
checksum = "bbe448f377a7d6961e30f5955f9b8d106c3f5e449d493ee1b125c1d43c2b5179"
dependencies = [
 "proc-macro2",
]

[[package]]
name = "speedy"
version = "0.8.3"
source = "registry+https://github.com/rust-lang/crates.io-index"
checksum = "7f45b0970d87b76e449484d8a530a9c48ad04df2645d9af2148a74b82f368fa1"
dependencies = [
 "speedy-derive",
]

[[package]]
name = "speedy-derive"
version = "0.8.3"
source = "registry+https://github.com/rust-lang/crates.io-index"
checksum = "00d56cb212a4b09de6561bac41bc36dc810fd41faf24b0a8aa1374062546af0a"
dependencies = [
 "proc-macro2",
 "quote",
 "syn",
]

[[package]]
name = "syn"
version = "1.0.99"
source = "registry+https://github.com/rust-lang/crates.io-index"
checksum = "58dbef6ec655055e20b86b15a8cc6d439cca19b667537ac6a1369572d151ab13"
dependencies = [
 "proc-macro2",
 "quote",
 "unicode-ident",
]

[[package]]
name = "unicode-ident"
version = "1.0.3"
source = "registry+https://github.com/rust-lang/crates.io-index"
checksum = "c4f5b37a154999a8f3f98cc23a628d850e154479cd94decf3414696e12e31aaf"
